
Microsoft Visual Studio Solution File, Format Version 12.00
# Visual Studio Version 16
VisualStudioVersion = 16.0.32002.261
MinimumVisualStudioVersion = 10.0.40219.1
Project("{9A19103F-16F7-4668-BE54-9A1E7A4F7556}") = "MMSAPI", "MMSAPI\MMSAPI.csproj", "{64133F54-CDA1-41D2-8982-42497EAF8297}"
EndProject
Project("{9A19103F-16F7-4668-BE54-9A1E7A4F7556}") = "DataLibrary", "DataLibrary\DataLibrary.csproj", "{FEDE3201-6438-43F5-B848-8F733685CD2B}"
EndProject
Project("{FAE04EC0-301F-11D3-BF4B-00C04F79EFBC}") = "MMSApi.Tests", "MMSApi.Tests\MMSApi.Tests.csproj", "{D8FB15D8-481D-414D-A7BE-6883720E4D27}"
EndProject
Global
	GlobalSection(SolutionConfigurationPlatforms) = preSolution
		Debug|Any CPU = Debug|Any CPU
		Release|Any CPU = Release|Any CPU
	EndGlobalSection
	GlobalSection(ProjectConfigurationPlatforms) = postSolution
		{64133F54-CDA1-41D2-8982-42497EAF8297}.Debug|Any CPU.ActiveCfg = Debug|Any CPU
		{64133F54-CDA1-41D2-8982-42497EAF8297}.Debug|Any CPU.Build.0 = Debug|Any CPU
		{64133F54-CDA1-41D2-8982-42497EAF8297}.Release|Any CPU.ActiveCfg = Release|Any CPU
		{64133F54-CDA1-41D2-8982-42497EAF8297}.Release|Any CPU.Build.0 = Release|Any CPU
		{FEDE3201-6438-43F5-B848-8F733685CD2B}.Debug|Any CPU.ActiveCfg = Debug|Any CPU
		{FEDE3201-6438-43F5-B848-8F733685CD2B}.Debug|Any CPU.Build.0 = Debug|Any CPU
		{FEDE3201-6438-43F5-B848-8F733685CD2B}.Release|Any CPU.ActiveCfg = Release|Any CPU
		{FEDE3201-6438-43F5-B848-8F733685CD2B}.Release|Any CPU.Build.0 = Release|Any CPU
		{D8FB15D8-481D-414D-A7BE-6883720E4D27}.Debug|Any CPU.ActiveCfg = Debug|Any CPU
		{D8FB15D8-481D-414D-A7BE-6883720E4D27}.Debug|Any CPU.Build.0 = Debug|Any CPU
		{D8FB15D8-481D-414D-A7BE-6883720E4D27}.Release|Any CPU.ActiveCfg = Release|Any CPU
		{D8FB15D8-481D-414D-A7BE-6883720E4D27}.Release|Any CPU.Build.0 = Release|Any CPU
	EndGlobalSection
	GlobalSection(SolutionProperties) = preSolution
		HideSolutionNode = FALSE
	EndGlobalSection
	GlobalSection(ExtensibilityGlobals) = postSolution
		SolutionGuid = {9A409A20-1B94-454A-BA2E-6A39F5493DCF}
	EndGlobalSection
EndGlobal
